
Microsoft Visual Studio Solution File, Format Version 12.00
# Visual Studio Version 17
VisualStudioVersion = 17.9.34728.123
MinimumVisualStudioVersion = 10.0.40219.1
Project("{FAE04EC0-301F-11D3-BF4B-00C04F79EFBC}") = "Ejercicio 5", "Ejercicio 5\Ejercicio 5.csproj", "{064F0560-6FE9-474B-A5F0-6CB49A779F66}"
EndProject
Project("{FAE04EC0-301F-11D3-BF4B-00C04F79EFBC}") = "Clases", "Clases\Clases.csproj", "{80CAD9B7-D8AB-4094-A786-5408BF545CE6}"
EndProject
Global
	GlobalSection(SolutionConfigurationPlatforms) = preSolution
		Debug|Any CPU = Debug|Any CPU
		Release|Any CPU = Release|Any CPU
	EndGlobalSection
	GlobalSection(ProjectConfigurationPlatforms) = postSolution
		{064F0560-6FE9-474B-A5F0-6CB49A779F66}.Debug|Any CPU.ActiveCfg = Debug|Any CPU
		{064F0560-6FE9-474B-A5F0-6CB49A779F66}.Debug|Any CPU.Build.0 = Debug|Any CPU
		{064F0560-6FE9-474B-A5F0-6CB49A779F66}.Release|Any CPU.ActiveCfg = Release|Any CPU
		{064F0560-6FE9-474B-A5F0-6CB49A779F66}.Release|Any CPU.Build.0 = Release|Any CPU
		{80CAD9B7-D8AB-4094-A786-5408BF545CE6}.Debug|Any CPU.ActiveCfg = Debug|Any CPU
		{80CAD9B7-D8AB-4094-A786-5408BF545CE6}.Debug|Any CPU.Build.0 = Debug|Any CPU
		{80CAD9B7-D8AB-4094-A786-5408BF545CE6}.Release|Any CPU.ActiveCfg = Release|Any CPU
		{80CAD9B7-D8AB-4094-A786-5408BF545CE6}.Release|Any CPU.Build.0 = Release|Any CPU
	EndGlobalSection
	GlobalSection(SolutionProperties) = preSolution
		HideSolutionNode = FALSE
	EndGlobalSection
	GlobalSection(ExtensibilityGlobals) = postSolution
		SolutionGuid = {4CF842F6-8F5A-4277-AB10-D996D589C218}
	EndGlobalSection
EndGlobal
