
Microsoft Visual Studio Solution File, Format Version 12.00
# Visual Studio Version 17
VisualStudioVersion = 17.8.34316.72
MinimumVisualStudioVersion = 10.0.40219.1
Project("{9A19103F-16F7-4668-BE54-9A1E7A4F7556}") = "Lab01", "Lab01.csproj", "{88953205-E54E-4D00-A62D-9EFB42D16868}"
EndProject
Project("{FAE04EC0-301F-11D3-BF4B-00C04F79EFBC}") = "Clases", "..\Clases\Clases.csproj", "{C3C15C59-2C62-4AF2-9649-17CA62A9CAD7}"
EndProject
Global
	GlobalSection(SolutionConfigurationPlatforms) = preSolution
		Debug|Any CPU = Debug|Any CPU
		Release|Any CPU = Release|Any CPU
	EndGlobalSection
	GlobalSection(ProjectConfigurationPlatforms) = postSolution
		{88953205-E54E-4D00-A62D-9EFB42D16868}.Debug|Any CPU.ActiveCfg = Debug|Any CPU
		{88953205-E54E-4D00-A62D-9EFB42D16868}.Debug|Any CPU.Build.0 = Debug|Any CPU
		{88953205-E54E-4D00-A62D-9EFB42D16868}.Release|Any CPU.ActiveCfg = Release|Any CPU
		{88953205-E54E-4D00-A62D-9EFB42D16868}.Release|Any CPU.Build.0 = Release|Any CPU
		{C3C15C59-2C62-4AF2-9649-17CA62A9CAD7}.Debug|Any CPU.ActiveCfg = Debug|Any CPU
		{C3C15C59-2C62-4AF2-9649-17CA62A9CAD7}.Debug|Any CPU.Build.0 = Debug|Any CPU
		{C3C15C59-2C62-4AF2-9649-17CA62A9CAD7}.Release|Any CPU.ActiveCfg = Release|Any CPU
		{C3C15C59-2C62-4AF2-9649-17CA62A9CAD7}.Release|Any CPU.Build.0 = Release|Any CPU
	EndGlobalSection
	GlobalSection(SolutionProperties) = preSolution
		HideSolutionNode = FALSE
	EndGlobalSection
	GlobalSection(ExtensibilityGlobals) = postSolution
		SolutionGuid = {C152783C-DFDF-4BF7-A24B-1F2BAED18A17}
	EndGlobalSection
EndGlobal
