
Microsoft Visual Studio Solution File, Format Version 12.00
# Visual Studio Version 17
VisualStudioVersion = 17.8.34316.72
MinimumVisualStudioVersion = 10.0.40219.1
Project("{FAE04EC0-301F-11D3-BF4B-00C04F79EFBC}") = "LabClases1", "LabClases1.csproj", "{97B54E21-7444-493E-9918-0DDF7CACCB70}"
EndProject
Project("{FAE04EC0-301F-11D3-BF4B-00C04F79EFBC}") = "Clases", "..\Clases\Clases.csproj", "{ADE7A4D6-5000-486A-9238-7ABBD9AC3020}"
EndProject
Global
	GlobalSection(SolutionConfigurationPlatforms) = preSolution
		Debug|Any CPU = Debug|Any CPU
		Release|Any CPU = Release|Any CPU
	EndGlobalSection
	GlobalSection(ProjectConfigurationPlatforms) = postSolution
		{97B54E21-7444-493E-9918-0DDF7CACCB70}.Debug|Any CPU.ActiveCfg = Debug|Any CPU
		{97B54E21-7444-493E-9918-0DDF7CACCB70}.Debug|Any CPU.Build.0 = Debug|Any CPU
		{97B54E21-7444-493E-9918-0DDF7CACCB70}.Release|Any CPU.ActiveCfg = Release|Any CPU
		{97B54E21-7444-493E-9918-0DDF7CACCB70}.Release|Any CPU.Build.0 = Release|Any CPU
		{ADE7A4D6-5000-486A-9238-7ABBD9AC3020}.Debug|Any CPU.ActiveCfg = Debug|Any CPU
		{ADE7A4D6-5000-486A-9238-7ABBD9AC3020}.Debug|Any CPU.Build.0 = Debug|Any CPU
		{ADE7A4D6-5000-486A-9238-7ABBD9AC3020}.Release|Any CPU.ActiveCfg = Release|Any CPU
		{ADE7A4D6-5000-486A-9238-7ABBD9AC3020}.Release|Any CPU.Build.0 = Release|Any CPU
	EndGlobalSection
	GlobalSection(SolutionProperties) = preSolution
		HideSolutionNode = FALSE
	EndGlobalSection
	GlobalSection(ExtensibilityGlobals) = postSolution
		SolutionGuid = {CEA32120-0C8C-48FC-9544-10D7B8EA300C}
	EndGlobalSection
EndGlobal
